
Microsoft Visual Studio Solution File, Format Version 12.00
# Visual Studio Version 17
VisualStudioVersion = 17.4.33205.214
MinimumVisualStudioVersion = 10.0.40219.1
Project("{FAE04EC0-301F-11D3-BF4B-00C04F79EFBC}") = "ArcherConsole", "ArcherConsole\ArcherConsole.csproj", "{1AFC7564-4A73-4CD9-82B9-EFBDA49634DD}"
EndProject
Project("{9A19103F-16F7-4668-BE54-9A1E7A4F7556}") = "ArcherCore", "ArcherCore\ArcherCore.csproj", "{167CDD94-CB03-44EE-8782-B61274EF4F44}"
EndProject
Project("{FAE04EC0-301F-11D3-BF4B-00C04F79EFBC}") = "ArcherTest", "ArcherTest\ArcherTest.csproj", "{1146157E-7887-400F-8D67-74EADE1C99F9}"
EndProject
Global
	GlobalSection(SolutionConfigurationPlatforms) = preSolution
		Debug|Any CPU = Debug|Any CPU
		Release|Any CPU = Release|Any CPU
	EndGlobalSection
	GlobalSection(ProjectConfigurationPlatforms) = postSolution
		{167CDD94-CB03-44EE-8782-B61274EF4F44}.Debug|Any CPU.ActiveCfg = Debug|Any CPU
		{167CDD94-CB03-44EE-8782-B61274EF4F44}.Debug|Any CPU.Build.0 = Debug|Any CPU
		{167CDD94-CB03-44EE-8782-B61274EF4F44}.Release|Any CPU.ActiveCfg = Release|Any CPU
		{167CDD94-CB03-44EE-8782-B61274EF4F44}.Release|Any CPU.Build.0 = Release|Any CPU
		{1AFC7564-4A73-4CD9-82B9-EFBDA49634DD}.Debug|Any CPU.ActiveCfg = Debug|Any CPU
		{1AFC7564-4A73-4CD9-82B9-EFBDA49634DD}.Debug|Any CPU.Build.0 = Debug|Any CPU
		{1AFC7564-4A73-4CD9-82B9-EFBDA49634DD}.Release|Any CPU.ActiveCfg = Release|Any CPU
		{1AFC7564-4A73-4CD9-82B9-EFBDA49634DD}.Release|Any CPU.Build.0 = Release|Any CPU
		{1146157E-7887-400F-8D67-74EADE1C99F9}.Debug|Any CPU.ActiveCfg = Debug|Any CPU
		{1146157E-7887-400F-8D67-74EADE1C99F9}.Debug|Any CPU.Build.0 = Debug|Any CPU
		{1146157E-7887-400F-8D67-74EADE1C99F9}.Release|Any CPU.ActiveCfg = Release|Any CPU
		{1146157E-7887-400F-8D67-74EADE1C99F9}.Release|Any CPU.Build.0 = Release|Any CPU
	EndGlobalSection
	GlobalSection(SolutionProperties) = preSolution
		HideSolutionNode = FALSE
	EndGlobalSection
	GlobalSection(ExtensibilityGlobals) = postSolution
		SolutionGuid = {D3999EEA-38DE-4920-88E6-3E7E1F62BF64}
	EndGlobalSection
EndGlobal
